
Microsoft Visual Studio Solution File, Format Version 12.00
# Visual Studio 15
VisualStudioVersion = 15.0.28307.1831
MinimumVisualStudioVersion = 10.0.40219.1
Project("{159641D6-6404-4A2A-AE62-294DE0FE8301}") = "Telecom", "Telecom\Telecom.dtproj", "{AE863D14-B26E-4045-8EA1-CC812BB25BA2}"
EndProject
Global
	GlobalSection(SolutionConfigurationPlatforms) = preSolution
		Development|Default = Development|Default
	EndGlobalSection
	GlobalSection(ProjectConfigurationPlatforms) = postSolution
		{AE863D14-B26E-4045-8EA1-CC812BB25BA2}.Development|Default.ActiveCfg = Development
		{AE863D14-B26E-4045-8EA1-CC812BB25BA2}.Development|Default.Build.0 = Development
	EndGlobalSection
	GlobalSection(SolutionProperties) = preSolution
		HideSolutionNode = FALSE
	EndGlobalSection
	GlobalSection(ExtensibilityGlobals) = postSolution
		SolutionGuid = {F14EACF2-7DD5-4FAF-8BE7-66B65108A7C3}
	EndGlobalSection
EndGlobal
